// !$*UTF8*$!
{
	archiveVersion = 1;
	classes = {
	};
	objectVersion = 50;
	objects = {

/* Begin PBXBuildFile section */
		F3BEB2E1221E6ABE00997933 /* main.cpp in Sources */ = {isa = PBXBuildFile; fileRef = F3BEB2E0221E6ABE00997933 /* main.cpp */; };
		F3BEB2EF221E6B7700997933 /* One_Array.cpp in Sources */ = {isa = PBXBuildFile; fileRef = F3BEB2ED221E6B7700997933 /* One_Array.cpp */; };
/* End PBXBuildFile section */

/* Begin PBXCopyFilesBuildPhase section */
		F3BEB2DB221E6ABE00997933 /* CopyFiles */ = {
			isa = PBXCopyFilesBuildPhase;
			buildActionMask = 2147483647;
			dstPath = /usr/share/man/man1/;
			dstSubfolderSpec = 0;
			files = (
			);
			runOnlyForDeploymentPostprocessing = 1;
		};
/* End PBXCopyFilesBuildPhase section */

/* Begin PBXFileReference section */
		F3BEB2DD221E6ABE00997933 /* SortingAlgorithmsProject */ = {isa = PBXFileReference; explicitFileType = "compiled.mach-o.executable"; includeInIndex = 0; path = SortingAlgorithmsProject; sourceTree = BUILT_PRODUCTS_DIR; };
		F3BEB2E0221E6ABE00997933 /* main.cpp */ = {isa = PBXFileReference; lastKnownFileType = sourcecode.cpp.cpp; path = main.cpp; sourceTree = "<group>"; };
		F3BEB2EB221E6B4B00997933 /* Data_Structure.hpp */ = {isa = PBXFileReference; lastKnownFileType = sourcecode.cpp.h; name = Data_Structure.hpp; path = SortingAlgorithmsProject/Data_Structure.hpp; sourceTree = "<group>"; };
		F3BEB2ED221E6B7700997933 /* One_Array.cpp */ = {isa = PBXFileReference; lastKnownFileType = sourcecode.cpp.cpp; name = One_Array.cpp; path = SortingAlgorithmsProject/One_Array.cpp; sourceTree = "<group>"; };
		F3BEB2EE221E6B7700997933 /* One_Array.hpp */ = {isa = PBXFileReference; lastKnownFileType = sourcecode.cpp.h; name = One_Array.hpp; path = SortingAlgorithmsProject/One_Array.hpp; sourceTree = "<group>"; };
		F3BEB2F0221E6B9200997933 /* Sorting_Algorithm.h */ = {isa = PBXFileReference; lastKnownFileType = sourcecode.c.h; name = Sorting_Algorithm.h; path = SortingAlgorithmsProject/Sorting_Algorithm.h; sourceTree = "<group>"; };
/* End PBXFileReference section */

/* Begin PBXFrameworksBuildPhase section */
		F3BEB2DA221E6ABE00997933 /* Frameworks */ = {
			isa = PBXFrameworksBuildPhase;
			buildActionMask = 2147483647;
			files = (
			);
			runOnlyForDeploymentPostprocessing = 0;
		};
/* End PBXFrameworksBuildPhase section */

/* Begin PBXGroup section */
		F3BEB2D4221E6ABD00997933 = {
			isa = PBXGroup;
			children = (
				F3BEB2EB221E6B4B00997933 /* Data_Structure.hpp */,
				F3BEB2ED221E6B7700997933 /* One_Array.cpp */,
				F3BEB2EE221E6B7700997933 /* One_Array.hpp */,
				F3BEB2F0221E6B9200997933 /* Sorting_Algorithm.h */,
				F3BEB2DF221E6ABE00997933 /* SortingAlgorithmsProject */,
				F3BEB2DE221E6ABE00997933 /* Products */,
			);
			sourceTree = "<group>";
		};
		F3BEB2DE221E6ABE00997933 /* Products */ = {
			isa = PBXGroup;
			children = (
				F3BEB2DD221E6ABE00997933 /* SortingAlgorithmsProject */,
			);
			name = Products;
			sourceTree = "<group>";
		};
		F3BEB2DF221E6ABE00997933 /* SortingAlgorithmsProject */ = {
			isa = PBXGroup;
			children = (
				F3BEB2E0221E6ABE00997933 /* main.cpp */,
			);
			path = SortingAlgorithmsProject;
			sourceTree = "<group>";
		};
/* End PBXGroup section */

/* Begin PBXNativeTarget section */
		F3BEB2DC221E6ABE00997933 /* SortingAlgorithmsProject */ = {
			isa = PBXNativeTarget;
			buildConfigurationList = F3BEB2E4221E6ABE00997933 /* Build configuration list for PBXNativeTarget "SortingAlgorithmsProject" */;
			buildPhases = (
				F3BEB2D9221E6ABE00997933 /* Sources */,
				F3BEB2DA221E6ABE00997933 /* Frameworks */,
				F3BEB2DB221E6ABE00997933 /* CopyFiles */,
			);
			buildRules = (
			);
			dependencies = (
			);
			name = SortingAlgorithmsProject;
			productName = SortingAlgorithmsProject;
			productReference = F3BEB2DD221E6ABE00997933 /* SortingAlgorithmsProject */;
			productType = "com.apple.product-type.tool";
		};
/* End PBXNativeTarget section */

/* Begin PBXProject section */
		F3BEB2D5221E6ABE00997933 /* Project object */ = {
			isa = PBXProject;
			attributes = {
				LastUpgradeCheck = 1010;
				ORGANIZATIONNAME = "Monica Kann";
				TargetAttributes = {
					F3BEB2DC221E6ABE00997933 = {
						CreatedOnToolsVersion = 10.1;
					};
				};
			};
			buildConfigurationList = F3BEB2D8221E6ABE00997933 /* Build configuration list for PBXProject "SortingAlgorithmsProject" */;
			compatibilityVersion = "Xcode 9.3";
			developmentRegion = en;
			hasScannedForEncodings = 0;
			knownRegions = (
				en,
			);
			mainGroup = F3BEB2D4221E6ABD00997933;
			productRefGroup = F3BEB2DE221E6ABE00997933 /* Products */;
			projectDirPath = "";
			projectRoot = "";
			targets = (
				F3BEB2DC221E6ABE00997933 /* SortingAlgorithmsProject */,
			);
		};
/* End PBXProject section */

/* Begin PBXSourcesBuildPhase section */
		F3BEB2D9221E6ABE00997933 /* Sources */ = {
			isa = PBXSourcesBuildPhase;
			buildActionMask = 2147483647;
			files = (
				F3BEB2E1221E6ABE00997933 /* main.cpp in Sources */,
				F3BEB2EF221E6B7700997933 /* One_Array.cpp in Sources */,
			);
			runOnlyForDeploymentPostprocessing = 0;
		};
/* End PBXSourcesBuildPhase section */

/* Begin XCBuildConfiguration section */
		F3BEB2E2221E6ABE00997933 /* Debug */ = {
			isa = XCBuildConfiguration;
			buildSettings = {
				ALWAYS_SEARCH_USER_PATHS = NO;
				CLANG_ANALYZER_NONNULL = YES;
				CLANG_ANALYZER_NUMBER_OBJECT_CONVERSION = YES_AGGRESSIVE;
				CLANG_CXX_LANGUAGE_STANDARD = "gnu++14";
				CLANG_CXX_LIBRARY = "libc++";
				CLANG_ENABLE_MODULES = YES;
				CLANG_ENABLE_OBJC_ARC = YES;
				CLANG_ENABLE_OBJC_WEAK = YES;
				CLANG_WARN_BLOCK_CAPTURE_AUTORELEASING = YES;
				CLANG_WARN_BOOL_CONVERSION = YES;
				CLANG_WARN_COMMA = YES;
				CLANG_WARN_CONSTANT_CONVERSION = YES;
				CLANG_WARN_DEPRECATED_OBJC_IMPLEMENTATIONS = YES;
				CLANG_WARN_DIRECT_OBJC_ISA_USAGE = YES_ERROR;
				CLANG_WARN_DOCUMENTATION_COMMENTS = YES;
				CLANG_WARN_EMPTY_BODY = YES;
				CLANG_WARN_ENUM_CONVERSION = YES;
				CLANG_WARN_INFINITE_RECURSION = YES;
				CLANG_WARN_INT_CONVERSION = YES;
				CLANG_WARN_NON_LITERAL_NULL_CONVERSION = YES;
				CLANG_WARN_OBJC_IMPLICIT_RETAIN_SELF = YES;
				CLANG_WARN_OBJC_LITERAL_CONVERSION = YES;
				CLANG_WARN_OBJC_ROOT_CLASS = YES_ERROR;
				CLANG_WARN_RANGE_LOOP_ANALYSIS = YES;
				CLANG_WARN_STRICT_PROTOTYPES = YES;
				CLANG_WARN_SUSPICIOUS_MOVE = YES;
				CLANG_WARN_UNGUARDED_AVAILABILITY = YES_AGGRESSIVE;
				CLANG_WARN_UNREACHABLE_CODE = YES;
				CLANG_WARN__DUPLICATE_METHOD_MATCH = YES;
				CODE_SIGN_IDENTITY = "-";
				COPY_PHASE_STRIP = NO;
				DEBUG_INFORMATION_FORMAT = dwarf;
				ENABLE_STRICT_OBJC_MSGSEND = YES;
				ENABLE_TESTABILITY = YES;
				GCC_C_LANGUAGE_STANDARD = gnu11;
				GCC_DYNAMIC_NO_PIC = NO;
				GCC_NO_COMMON_BLOCKS = YES;
				GCC_OPTIMIZATION_LEVEL = 0;
				GCC_PREPROCESSOR_DEFINITIONS = (
					"DEBUG=1",
					"$(inherited)",
				);
				GCC_WARN_64_TO_32_BIT_CONVERSION = YES;
				GCC_WARN_ABOUT_RETURN_TYPE = YES_ERROR;
				GCC_WARN_UNDECLARED_SELECTOR = YES;
				GCC_WARN_UNINITIALIZED_AUTOS = YES_AGGRESSIVE;
				GCC_WARN_UNUSED_FUNCTION = YES;
				GCC_WARN_UNUSED_VARIABLE = YES;
				MACOSX_DEPLOYMENT_TARGET = 10.14;
				MTL_ENABLE_DEBUG_INFO = INCLUDE_SOURCE;
				MTL_FAST_MATH = YES;
				ONLY_ACTIVE_ARCH = YES;
				SDKROOT = macosx;
			};
			name = Debug;
		};
		F3BEB2E3221E6ABE00997933 /* Release */ = {
			isa = XCBuildConfiguration;
			buildSettings = {
				ALWAYS_SEARCH_USER_PATHS = NO;
				CLANG_ANALYZER_NONNULL = YES;
				CLANG_ANALYZER_NUMBER_OBJECT_CONVERSION = YES_AGGRESSIVE;
				CLANG_CXX_LANGUAGE_STANDARD = "gnu++14";
				CLANG_CXX_LIBRARY = "libc++";
				CLANG_ENABLE_MODULES = YES;
				CLANG_ENABLE_OBJC_ARC = YES;
				CLANG_ENABLE_OBJC_WEAK = YES;
				CLANG_WARN_BLOCK_CAPTURE_AUTORELEASING = YES;
				CLANG_WARN_BOOL_CONVERSION = YES;
				CLANG_WARN_COMMA = YES;
				CLANG_WARN_CONSTANT_CONVERSION = YES;
				CLANG_WARN_DEPRECATED_OBJC_IMPLEMENTATIONS = YES;
				CLANG_WARN_DIRECT_OBJC_ISA_USAGE = YES_ERROR;
				CLANG_WARN_DOCUMENTATION_COMMENTS = YES;
				CLANG_WARN_EMPTY_BODY = YES;
				CLANG_WARN_ENUM_CONVERSION = YES;
				CLANG_WARN_INFINITE_RECURSION = YES;
				CLANG_WARN_INT_CONVERSION = YES;
				CLANG_WARN_NON_LITERAL_NULL_CONVERSION = YES;
				CLANG_WARN_OBJC_IMPLICIT_RETAIN_SELF = YES;
				CLANG_WARN_OBJC_LITERAL_CONVERSION = YES;
				CLANG_WARN_OBJC_ROOT_CLASS = YES_ERROR;
				CLANG_WARN_RANGE_LOOP_ANALYSIS = YES;
				CLANG_WARN_STRICT_PROTOTYPES = YES;
				CLANG_WARN_SUSPICIOUS_MOVE = YES;
				CLANG_WARN_UNGUARDED_AVAILABILITY = YES_AGGRESSIVE;
				CLANG_WARN_UNREACHABLE_CODE = YES;
				CLANG_WARN__DUPLICATE_METHOD_MATCH = YES;
				CODE_SIGN_IDENTITY = "-";
				COPY_PHASE_STRIP = NO;
				DEBUG_INFORMATION_FORMAT = "dwarf-with-dsym";
				ENABLE_NS_ASSERTIONS = NO;
				ENABLE_STRICT_OBJC_MSGSEND = YES;
				GCC_C_LANGUAGE_STANDARD = gnu11;
				GCC_NO_COMMON_BLOCKS = YES;
				GCC_WARN_64_TO_32_BIT_CONVERSION = YES;
				GCC_WARN_ABOUT_RETURN_TYPE = YES_ERROR;
				GCC_WARN_UNDECLARED_SELECTOR = YES;
				GCC_WARN_UNINITIALIZED_AUTOS = YES_AGGRESSIVE;
				GCC_WARN_UNUSED_FUNCTION = YES;
				GCC_WARN_UNUSED_VARIABLE = YES;
				MACOSX_DEPLOYMENT_TARGET = 10.14;
				MTL_ENABLE_DEBUG_INFO = NO;
				MTL_FAST_MATH = YES;
				SDKROOT = macosx;
			};
			name = Release;
		};
		F3BEB2E5221E6ABE00997933 /* Debug */ = {
			isa = XCBuildConfiguration;
			buildSettings = {
				CODE_SIGN_STYLE = Automatic;
				PRODUCT_NAME = "$(TARGET_NAME)";
			};
			name = Debug;
		};
		F3BEB2E6221E6ABE00997933 /* Release */ = {
			isa = XCBuildConfiguration;
			buildSettings = {
				CODE_SIGN_STYLE = Automatic;
				PRODUCT_NAME = "$(TARGET_NAME)";
			};
			name = Release;
		};
/* End XCBuildConfiguration section */

/* Begin XCConfigurationList section */
		F3BEB2D8221E6ABE00997933 /* Build configuration list for PBXProject "SortingAlgorithmsProject" */ = {
			isa = XCConfigurationList;
			buildConfigurations = (
				F3BEB2E2221E6ABE00997933 /* Debug */,
				F3BEB2E3221E6ABE00997933 /* Release */,
			);
			defaultConfigurationIsVisible = 0;
			defaultConfigurationName = Release;
		};
		F3BEB2E4221E6ABE00997933 /* Build configuration list for PBXNativeTarget "SortingAlgorithmsProject" */ = {
			isa = XCConfigurationList;
			buildConfigurations = (
				F3BEB2E5221E6ABE00997933 /* Debug */,
				F3BEB2E6221E6ABE00997933 /* Release */,
			);
			defaultConfigurationIsVisible = 0;
			defaultConfigurationName = Release;
		};
/* End XCConfigurationList section */
	};
	rootObject = F3BEB2D5221E6ABE00997933 /* Project object */;
}
